
Microsoft Visual Studio Solution File, Format Version 12.00
# Visual Studio Version 17
VisualStudioVersion = 17.4.33205.214
MinimumVisualStudioVersion = 10.0.40219.1
Project("{FAE04EC0-301F-11D3-BF4B-00C04F79EFBC}") = "OcrText", "OcrText\OcrText.csproj", "{51D17AFC-3CDD-4AD3-A144-44AA0B8C10CA}"
EndProject
Global
	GlobalSection(SolutionConfigurationPlatforms) = preSolution
		Debug|Any CPU = Debug|Any CPU
		Debug|x64 = Debug|x64
		Release|Any CPU = Release|Any CPU
		Release|x64 = Release|x64
	EndGlobalSection
	GlobalSection(ProjectConfigurationPlatforms) = postSolution
		{51D17AFC-3CDD-4AD3-A144-44AA0B8C10CA}.Debug|Any CPU.ActiveCfg = Debug|Any CPU
		{51D17AFC-3CDD-4AD3-A144-44AA0B8C10CA}.Debug|Any CPU.Build.0 = Debug|Any CPU
		{51D17AFC-3CDD-4AD3-A144-44AA0B8C10CA}.Debug|x64.ActiveCfg = Debug|x64
		{51D17AFC-3CDD-4AD3-A144-44AA0B8C10CA}.Debug|x64.Build.0 = Debug|x64
		{51D17AFC-3CDD-4AD3-A144-44AA0B8C10CA}.Release|Any CPU.ActiveCfg = Release|Any CPU
		{51D17AFC-3CDD-4AD3-A144-44AA0B8C10CA}.Release|Any CPU.Build.0 = Release|Any CPU
		{51D17AFC-3CDD-4AD3-A144-44AA0B8C10CA}.Release|x64.ActiveCfg = Release|x64
		{51D17AFC-3CDD-4AD3-A144-44AA0B8C10CA}.Release|x64.Build.0 = Release|x64
	EndGlobalSection
	GlobalSection(SolutionProperties) = preSolution
		HideSolutionNode = FALSE
	EndGlobalSection
	GlobalSection(ExtensibilityGlobals) = postSolution
		SolutionGuid = {CE5C9EAF-07A7-4962-A437-6615928889A7}
	EndGlobalSection
EndGlobal
